
Microsoft Visual Studio Solution File, Format Version 11.00
# Visual Studio 2010
Project("{FAE04EC0-301F-11D3-BF4B-00C04F79EFBC}") = "SumandoGit", "Assembly-CSharp.csproj", "{F721551D-4A80-9001-36BD-FAE7B59B09C6}"
EndProject
Project("{FAE04EC0-301F-11D3-BF4B-00C04F79EFBC}") = "SumandoGit", "Assembly-CSharp-Editor.csproj", "{AB9D673D-BE0E-B86E-DF56-B628E48A8E07}"
EndProject
Global
	GlobalSection(SolutionConfigurationPlatforms) = preSolution
		Debug|Any CPU = Debug|Any CPU
		Release|Any CPU = Release|Any CPU
	EndGlobalSection
	GlobalSection(ProjectConfigurationPlatforms) = postSolution
		{F721551D-4A80-9001-36BD-FAE7B59B09C6}.Debug|Any CPU.ActiveCfg = Debug|Any CPU
		{F721551D-4A80-9001-36BD-FAE7B59B09C6}.Debug|Any CPU.Build.0 = Debug|Any CPU
		{F721551D-4A80-9001-36BD-FAE7B59B09C6}.Release|Any CPU.ActiveCfg = Release|Any CPU
		{F721551D-4A80-9001-36BD-FAE7B59B09C6}.Release|Any CPU.Build.0 = Release|Any CPU
		{AB9D673D-BE0E-B86E-DF56-B628E48A8E07}.Debug|Any CPU.ActiveCfg = Debug|Any CPU
		{AB9D673D-BE0E-B86E-DF56-B628E48A8E07}.Debug|Any CPU.Build.0 = Debug|Any CPU
		{AB9D673D-BE0E-B86E-DF56-B628E48A8E07}.Release|Any CPU.ActiveCfg = Release|Any CPU
		{AB9D673D-BE0E-B86E-DF56-B628E48A8E07}.Release|Any CPU.Build.0 = Release|Any CPU
	EndGlobalSection
	GlobalSection(SolutionProperties) = preSolution
		HideSolutionNode = FALSE
	EndGlobalSection
	GlobalSection(MonoDevelopProperties) = preSolution
		StartupItem = Assembly-CSharp.csproj
	EndGlobalSection
EndGlobal
